
Microsoft Visual Studio Solution File, Format Version 12.00
# Visual Studio Version 17
VisualStudioVersion = 17.2.32630.192
MinimumVisualStudioVersion = 10.0.40219.1
Project("{FAE04EC0-301F-11D3-BF4B-00C04F79EFBC}") = "WatchDogLogging", "WatchDogLogging\WatchDogLogging.csproj", "{A4C9C33E-733B-4DD2-977C-36C2FAF52A46}"
EndProject
Global
	GlobalSection(SolutionConfigurationPlatforms) = preSolution
		Debug|Any CPU = Debug|Any CPU
		Release|Any CPU = Release|Any CPU
	EndGlobalSection
	GlobalSection(ProjectConfigurationPlatforms) = postSolution
		{A4C9C33E-733B-4DD2-977C-36C2FAF52A46}.Debug|Any CPU.ActiveCfg = Debug|Any CPU
		{A4C9C33E-733B-4DD2-977C-36C2FAF52A46}.Debug|Any CPU.Build.0 = Debug|Any CPU
		{A4C9C33E-733B-4DD2-977C-36C2FAF52A46}.Release|Any CPU.ActiveCfg = Release|Any CPU
		{A4C9C33E-733B-4DD2-977C-36C2FAF52A46}.Release|Any CPU.Build.0 = Release|Any CPU
	EndGlobalSection
	GlobalSection(SolutionProperties) = preSolution
		HideSolutionNode = FALSE
	EndGlobalSection
	GlobalSection(ExtensibilityGlobals) = postSolution
		SolutionGuid = {10033FA6-03E1-4B19-8EFB-348C94DF4036}
	EndGlobalSection
EndGlobal
